
Microsoft Visual Studio Solution File, Format Version 9.00
# Visual Studio 2005
Project("{FAE04EC0-301F-11D3-BF4B-00C04F79EFBC}") = "XYJ_Chat_Sever", "XYJ_Chat_Sever\XYJ_Chat_Sever.csproj", "{D0CD4A1C-E4F8-4664-A640-A38F6A056CA1}"
EndProject
Project("{54435603-DBB4-11D2-8724-00A0C9A8B90C}") = "ChatInstall", "ChatInstall\ChatInstall.vdproj", "{DB82A0BA-B58D-4A98-9DE8-B6DF0ED407F2}"
EndProject
Global
	GlobalSection(SolutionConfigurationPlatforms) = preSolution
		Debug|Any CPU = Debug|Any CPU
		Release|Any CPU = Release|Any CPU
	EndGlobalSection
	GlobalSection(ProjectConfigurationPlatforms) = postSolution
		{D0CD4A1C-E4F8-4664-A640-A38F6A056CA1}.Debug|Any CPU.ActiveCfg = Debug|Any CPU
		{D0CD4A1C-E4F8-4664-A640-A38F6A056CA1}.Debug|Any CPU.Build.0 = Debug|Any CPU
		{D0CD4A1C-E4F8-4664-A640-A38F6A056CA1}.Release|Any CPU.ActiveCfg = Release|Any CPU
		{D0CD4A1C-E4F8-4664-A640-A38F6A056CA1}.Release|Any CPU.Build.0 = Release|Any CPU
		{DB82A0BA-B58D-4A98-9DE8-B6DF0ED407F2}.Debug|Any CPU.ActiveCfg = Debug
		{DB82A0BA-B58D-4A98-9DE8-B6DF0ED407F2}.Release|Any CPU.ActiveCfg = Release
	EndGlobalSection
	GlobalSection(SolutionProperties) = preSolution
		HideSolutionNode = FALSE
	EndGlobalSection
EndGlobal
